{
  "name": "nvm",
  "version": "1.0.0",
  "lockfileVersion": 2,
  "requires": true,
  "packages": {
    "": {
      "name": "nvm",
      "version": "1.0.0",
      "license": "ISC",
      "dependencies": {
        "date-fn": "^0.0.2",
        "date-fns": "^2.29.3",
        "uuid": "^9.0.0"
      }
    },
    "node_modules/date-fn": {
      "version": "0.0.2",
      "resolved": "https://registry.npmjs.org/date-fn/-/date-fn-0.0.2.tgz",
      "integrity": "sha512-DBIKrlB2w9d6UPZwYn6qqSeKLwHt5uRf9Mj/PiGWHGQ5CxnvMCx2KteO5owfiknkYzMngrDwz5nX4CGxYlr0uA=="
    },
    "node_modules/date-fns": {
      "version": "2.29.3",
      "resolved": "https://registry.npmjs.org/date-fns/-/date-fns-2.29.3.tgz",
      "integrity": "sha512-dDCnyH2WnnKusqvZZ6+jA1O51Ibt8ZMRNkDZdyAyK4YfbDwa/cEmuztzG5pk6hqlp9aSBPYcjOlktquahGwGeA==",
      "engines": {
        "node": ">=0.11"
      },
      "funding": {
        "type": "opencollective",
        "url": "https://opencollective.com/date-fns"
      }
    },
    "node_modules/uuid": {
      "version": "9.0.0",
      "resolved": "https://registry.npmjs.org/uuid/-/uuid-9.0.0.tgz",
      "integrity": "sha512-MXcSTerfPa4uqyzStbRoTgt5XIe3x5+42+q1sDuy3R5MDk66URdLMOZe5aPX/SQd+kuYAh0FdP/pO28IkQyTeg==",
      "bin": {
        "uuid": "dist/bin/uuid"
      }
    }
  },
  "dependencies": {
    "date-fn": {
      "version": "0.0.2",
      "resolved": "https://registry.npmjs.org/date-fn/-/date-fn-0.0.2.tgz",
      "integrity": "sha512-DBIKrlB2w9d6UPZwYn6qqSeKLwHt5uRf9Mj/PiGWHGQ5CxnvMCx2KteO5owfiknkYzMngrDwz5nX4CGxYlr0uA=="
    },
    "date-fns": {
      "version": "2.29.3",
      "resolved": "https://registry.npmjs.org/date-fns/-/date-fns-2.29.3.tgz",
      "integrity": "sha512-dDCnyH2WnnKusqvZZ6+jA1O51Ibt8ZMRNkDZdyAyK4YfbDwa/cEmuztzG5pk6hqlp9aSBPYcjOlktquahGwGeA=="
    },
    "uuid": {
      "version": "9.0.0",
      "resolved": "https://registry.npmjs.org/uuid/-/uuid-9.0.0.tgz",
      "integrity": "sha512-MXcSTerfPa4uqyzStbRoTgt5XIe3x5+42+q1sDuy3R5MDk66URdLMOZe5aPX/SQd+kuYAh0FdP/pO28IkQyTeg=="
    }
  }
}
